// !$*UTF8*$!
{
	archiveVersion = 1;
	classes = {
	};
	objectVersion = 50;
	objects = {

/* Begin PBXBuildFile section */
		3C7851B926FDA32473F03F23 /* Pods_TrelloPlanner.framework in Frameworks */ = {isa = PBXBuildFile; fileRef = D34F8802DAF53AFE40F531F2 /* Pods_TrelloPlanner.framework */; };
		9A4711212182460D0011F446 /* DialogService.swift in Sources */ = {isa = PBXBuildFile; fileRef = 9A4711202182460D0011F446 /* DialogService.swift */; };
		9A471124218246450011F446 /* DialogServiceProtocol.swift in Sources */ = {isa = PBXBuildFile; fileRef = 9A471123218246450011F446 /* DialogServiceProtocol.swift */; };
		9A4711272182481E0011F446 /* ControllerHelper.swift in Sources */ = {isa = PBXBuildFile; fileRef = 9A4711262182481E0011F446 /* ControllerHelper.swift */; };
		9A4711292182494B0011F446 /* Translations.swift in Sources */ = {isa = PBXBuildFile; fileRef = 9A4711282182494B0011F446 /* Translations.swift */; };
		9A47112C21824B300011F446 /* StringExtensions.swift in Sources */ = {isa = PBXBuildFile; fileRef = 9A47112B21824B300011F446 /* StringExtensions.swift */; };
		9A47112E21824BEC0011F446 /* Localizable.strings in Resources */ = {isa = PBXBuildFile; fileRef = 9A47112D21824BEC0011F446 /* Localizable.strings */; };
		9AB1169A21824344009DD2A8 /* Injector.swift in Sources */ = {isa = PBXBuildFile; fileRef = 9AB1169921824344009DD2A8 /* Injector.swift */; };
		9AB7877A218219090014CA0A /* AppDelegate.swift in Sources */ = {isa = PBXBuildFile; fileRef = 9AB78779218219090014CA0A /* AppDelegate.swift */; };
		9AB7877C218219090014CA0A /* ViewController.swift in Sources */ = {isa = PBXBuildFile; fileRef = 9AB7877B218219090014CA0A /* ViewController.swift */; };
		9AB7877F218219090014CA0A /* Main.storyboard in Resources */ = {isa = PBXBuildFile; fileRef = 9AB7877D218219090014CA0A /* Main.storyboard */; };
		9AB787812182190B0014CA0A /* Assets.xcassets in Resources */ = {isa = PBXBuildFile; fileRef = 9AB787802182190B0014CA0A /* Assets.xcassets */; };
		9AB787842182190B0014CA0A /* LaunchScreen.storyboard in Resources */ = {isa = PBXBuildFile; fileRef = 9AB787822182190B0014CA0A /* LaunchScreen.storyboard */; };
		9AB7879421821AC10014CA0A /* ApiServiceProtocol.swift in Sources */ = {isa = PBXBuildFile; fileRef = 9AB7879321821AC10014CA0A /* ApiServiceProtocol.swift */; };
		9AB7879621821AFE0014CA0A /* ApiService.swift in Sources */ = {isa = PBXBuildFile; fileRef = 9AB7879521821AFE0014CA0A /* ApiService.swift */; };
/* End PBXBuildFile section */

/* Begin PBXFileReference section */
		9A4711202182460D0011F446 /* DialogService.swift */ = {isa = PBXFileReference; lastKnownFileType = sourcecode.swift; path = DialogService.swift; sourceTree = "<group>"; };
		9A471123218246450011F446 /* DialogServiceProtocol.swift */ = {isa = PBXFileReference; lastKnownFileType = sourcecode.swift; path = DialogServiceProtocol.swift; sourceTree = "<group>"; };
		9A4711262182481E0011F446 /* ControllerHelper.swift */ = {isa = PBXFileReference; lastKnownFileType = sourcecode.swift; path = ControllerHelper.swift; sourceTree = "<group>"; };
		9A4711282182494B0011F446 /* Translations.swift */ = {isa = PBXFileReference; lastKnownFileType = sourcecode.swift; path = Translations.swift; sourceTree = "<group>"; };
		9A47112B21824B300011F446 /* StringExtensions.swift */ = {isa = PBXFileReference; lastKnownFileType = sourcecode.swift; path = StringExtensions.swift; sourceTree = "<group>"; };
		9A47112D21824BEC0011F446 /* Localizable.strings */ = {isa = PBXFileReference; lastKnownFileType = text.plist.strings; path = Localizable.strings; sourceTree = "<group>"; };
		9AB1169921824344009DD2A8 /* Injector.swift */ = {isa = PBXFileReference; lastKnownFileType = sourcecode.swift; path = Injector.swift; sourceTree = "<group>"; };
		9AB78776218219090014CA0A /* TrelloPlanner.app */ = {isa = PBXFileReference; explicitFileType = wrapper.application; includeInIndex = 0; path = TrelloPlanner.app; sourceTree = BUILT_PRODUCTS_DIR; };
		9AB78779218219090014CA0A /* AppDelegate.swift */ = {isa = PBXFileReference; lastKnownFileType = sourcecode.swift; path = AppDelegate.swift; sourceTree = "<group>"; };
		9AB7877B218219090014CA0A /* ViewController.swift */ = {isa = PBXFileReference; lastKnownFileType = sourcecode.swift; path = ViewController.swift; sourceTree = "<group>"; };
		9AB7877E218219090014CA0A /* Base */ = {isa = PBXFileReference; lastKnownFileType = file.storyboard; name = Base; path = Base.lproj/Main.storyboard; sourceTree = "<group>"; };
		9AB787802182190B0014CA0A /* Assets.xcassets */ = {isa = PBXFileReference; lastKnownFileType = folder.assetcatalog; path = Assets.xcassets; sourceTree = "<group>"; };
		9AB787832182190B0014CA0A /* Base */ = {isa = PBXFileReference; lastKnownFileType = file.storyboard; name = Base; path = Base.lproj/LaunchScreen.storyboard; sourceTree = "<group>"; };
		9AB787852182190B0014CA0A /* Info.plist */ = {isa = PBXFileReference; lastKnownFileType = text.plist.xml; path = Info.plist; sourceTree = "<group>"; };
		9AB7879321821AC10014CA0A /* ApiServiceProtocol.swift */ = {isa = PBXFileReference; lastKnownFileType = sourcecode.swift; path = ApiServiceProtocol.swift; sourceTree = "<group>"; };
		9AB7879521821AFE0014CA0A /* ApiService.swift */ = {isa = PBXFileReference; lastKnownFileType = sourcecode.swift; path = ApiService.swift; sourceTree = "<group>"; };
		B59BF2ABBDD81A4F8752079F /* Pods-TrelloPlanner.debug.xcconfig */ = {isa = PBXFileReference; includeInIndex = 1; lastKnownFileType = text.xcconfig; name = "Pods-TrelloPlanner.debug.xcconfig"; path = "Pods/Target Support Files/Pods-TrelloPlanner/Pods-TrelloPlanner.debug.xcconfig"; sourceTree = "<group>"; };
		D34F8802DAF53AFE40F531F2 /* Pods_TrelloPlanner.framework */ = {isa = PBXFileReference; explicitFileType = wrapper.framework; includeInIndex = 0; path = Pods_TrelloPlanner.framework; sourceTree = BUILT_PRODUCTS_DIR; };
		EB0B72D53A63D9FF8B6187EE /* Pods-TrelloPlanner.release.xcconfig */ = {isa = PBXFileReference; includeInIndex = 1; lastKnownFileType = text.xcconfig; name = "Pods-TrelloPlanner.release.xcconfig"; path = "Pods/Target Support Files/Pods-TrelloPlanner/Pods-TrelloPlanner.release.xcconfig"; sourceTree = "<group>"; };
/* End PBXFileReference section */

/* Begin PBXFrameworksBuildPhase section */
		9AB78773218219090014CA0A /* Frameworks */ = {
			isa = PBXFrameworksBuildPhase;
			buildActionMask = 2147483647;
			files = (
				3C7851B926FDA32473F03F23 /* Pods_TrelloPlanner.framework in Frameworks */,
			);
			runOnlyForDeploymentPostprocessing = 0;
		};
/* End PBXFrameworksBuildPhase section */

/* Begin PBXGroup section */
		08C09EAB9451902FDD13BB53 /* Frameworks */ = {
			isa = PBXGroup;
			children = (
				D34F8802DAF53AFE40F531F2 /* Pods_TrelloPlanner.framework */,
			);
			name = Frameworks;
			sourceTree = "<group>";
		};
		8EF46685997C76567A908731 /* Pods */ = {
			isa = PBXGroup;
			children = (
				B59BF2ABBDD81A4F8752079F /* Pods-TrelloPlanner.debug.xcconfig */,
				EB0B72D53A63D9FF8B6187EE /* Pods-TrelloPlanner.release.xcconfig */,
			);
			name = Pods;
			sourceTree = "<group>";
		};
		9A471122218246330011F446 /* Protocols */ = {
			isa = PBXGroup;
			children = (
				9A471123218246450011F446 /* DialogServiceProtocol.swift */,
			);
			path = Protocols;
			sourceTree = "<group>";
		};
		9A4711252182465F0011F446 /* Implementations */ = {
			isa = PBXGroup;
			children = (
				9A4711202182460D0011F446 /* DialogService.swift */,
			);
			path = Implementations;
			sourceTree = "<group>";
		};
		9A47112A21824B150011F446 /* Extensions */ = {
			isa = PBXGroup;
			children = (
				9A47112B21824B300011F446 /* StringExtensions.swift */,
			);
			path = Extensions;
			sourceTree = "<group>";
		};
		9AB7876D218219090014CA0A = {
			isa = PBXGroup;
			children = (
				9AB78778218219090014CA0A /* TrelloPlanner */,
				9AB78777218219090014CA0A /* Products */,
				8EF46685997C76567A908731 /* Pods */,
				08C09EAB9451902FDD13BB53 /* Frameworks */,
			);
			sourceTree = "<group>";
		};
		9AB78777218219090014CA0A /* Products */ = {
			isa = PBXGroup;
			children = (
				9AB78776218219090014CA0A /* TrelloPlanner.app */,
			);
			name = Products;
			sourceTree = "<group>";
		};
		9AB78778218219090014CA0A /* TrelloPlanner */ = {
			isa = PBXGroup;
			children = (
				9A47112A21824B150011F446 /* Extensions */,
				9AB7879221821A3A0014CA0A /* Constansts */,
				9AB7879121821A280014CA0A /* Helpers */,
				9AB7878F218219EF0014CA0A /* Api */,
				9AB7878E2182196E0014CA0A /* Services */,
				9AB7878D218219620014CA0A /* Views */,
				9AB7878C218219550014CA0A /* ViewModels */,
				9AB7878B218219480014CA0A /* Models */,
				9AB78779218219090014CA0A /* AppDelegate.swift */,
				9AB787852182190B0014CA0A /* Info.plist */,
				9AB1169921824344009DD2A8 /* Injector.swift */,
			);
			path = TrelloPlanner;
			sourceTree = "<group>";
		};
		9AB7878B218219480014CA0A /* Models */ = {
			isa = PBXGroup;
			children = (
			);
			path = Models;
			sourceTree = "<group>";
		};
		9AB7878C218219550014CA0A /* ViewModels */ = {
			isa = PBXGroup;
			children = (
			);
			path = ViewModels;
			sourceTree = "<group>";
		};
		9AB7878D218219620014CA0A /* Views */ = {
			isa = PBXGroup;
			children = (
				9AB7877D218219090014CA0A /* Main.storyboard */,
				9AB7877B218219090014CA0A /* ViewController.swift */,
				9AB787802182190B0014CA0A /* Assets.xcassets */,
				9AB787822182190B0014CA0A /* LaunchScreen.storyboard */,
			);
			path = Views;
			sourceTree = "<group>";
		};
		9AB7878E2182196E0014CA0A /* Services */ = {
			isa = PBXGroup;
			children = (
				9A4711252182465F0011F446 /* Implementations */,
				9A471122218246330011F446 /* Protocols */,
			);
			path = Services;
			sourceTree = "<group>";
		};
		9AB7878F218219EF0014CA0A /* Api */ = {
			isa = PBXGroup;
			children = (
				9AB7879321821AC10014CA0A /* ApiServiceProtocol.swift */,
				9AB7879521821AFE0014CA0A /* ApiService.swift */,
			);
			path = Api;
			sourceTree = "<group>";
		};
		9AB7879121821A280014CA0A /* Helpers */ = {
			isa = PBXGroup;
			children = (
				9A4711262182481E0011F446 /* ControllerHelper.swift */,
			);
			path = Helpers;
			sourceTree = "<group>";
		};
		9AB7879221821A3A0014CA0A /* Constansts */ = {
			isa = PBXGroup;
			children = (
				9A4711282182494B0011F446 /* Translations.swift */,
				9A47112D21824BEC0011F446 /* Localizable.strings */,
			);
			path = Constansts;
			sourceTree = "<group>";
		};
/* End PBXGroup section */

/* Begin PBXNativeTarget section */
		9AB78775218219090014CA0A /* TrelloPlanner */ = {
			isa = PBXNativeTarget;
			buildConfigurationList = 9AB787882182190B0014CA0A /* Build configuration list for PBXNativeTarget "TrelloPlanner" */;
			buildPhases = (
				92147D86BAC13EB255C3B031 /* [CP] Check Pods Manifest.lock */,
				9AB78772218219090014CA0A /* Sources */,
				9AB78773218219090014CA0A /* Frameworks */,
				9AB78774218219090014CA0A /* Resources */,
				34D54AAFEFFC2CAB194119E8 /* [CP] Embed Pods Frameworks */,
			);
			buildRules = (
			);
			dependencies = (
			);
			name = TrelloPlanner;
			productName = TrelloPlanner;
			productReference = 9AB78776218219090014CA0A /* TrelloPlanner.app */;
			productType = "com.apple.product-type.application";
		};
/* End PBXNativeTarget section */

/* Begin PBXProject section */
		9AB7876E218219090014CA0A /* Project object */ = {
			isa = PBXProject;
			attributes = {
				LastSwiftUpdateCheck = 0940;
				LastUpgradeCheck = 0940;
				ORGANIZATIONNAME = "Robert Kuraj";
				TargetAttributes = {
					9AB78775218219090014CA0A = {
						CreatedOnToolsVersion = 9.4.1;
					};
				};
			};
			buildConfigurationList = 9AB78771218219090014CA0A /* Build configuration list for PBXProject "TrelloPlanner" */;
			compatibilityVersion = "Xcode 9.3";
			developmentRegion = en;
			hasScannedForEncodings = 0;
			knownRegions = (
				en,
				Base,
			);
			mainGroup = 9AB7876D218219090014CA0A;
			productRefGroup = 9AB78777218219090014CA0A /* Products */;
			projectDirPath = "";
			projectRoot = "";
			targets = (
				9AB78775218219090014CA0A /* TrelloPlanner */,
			);
		};
/* End PBXProject section */

/* Begin PBXResourcesBuildPhase section */
		9AB78774218219090014CA0A /* Resources */ = {
			isa = PBXResourcesBuildPhase;
			buildActionMask = 2147483647;
			files = (
				9AB787842182190B0014CA0A /* LaunchScreen.storyboard in Resources */,
				9A47112E21824BEC0011F446 /* Localizable.strings in Resources */,
				9AB787812182190B0014CA0A /* Assets.xcassets in Resources */,
				9AB7877F218219090014CA0A /* Main.storyboard in Resources */,
			);
			runOnlyForDeploymentPostprocessing = 0;
		};
/* End PBXResourcesBuildPhase section */

/* Begin PBXShellScriptBuildPhase section */
		34D54AAFEFFC2CAB194119E8 /* [CP] Embed Pods Frameworks */ = {
			isa = PBXShellScriptBuildPhase;
			buildActionMask = 2147483647;
			files = (
			);
			inputPaths = (
				"${SRCROOT}/Pods/Target Support Files/Pods-TrelloPlanner/Pods-TrelloPlanner-frameworks.sh",
				"${BUILT_PRODUCTS_DIR}/MBProgressHUD/MBProgressHUD.framework",
				"${BUILT_PRODUCTS_DIR}/Swinject/Swinject.framework",
			);
			name = "[CP] Embed Pods Frameworks";
			outputPaths = (
				"${TARGET_BUILD_DIR}/${FRAMEWORKS_FOLDER_PATH}/MBProgressHUD.framework",
				"${TARGET_BUILD_DIR}/${FRAMEWORKS_FOLDER_PATH}/Swinject.framework",
			);
			runOnlyForDeploymentPostprocessing = 0;
			shellPath = /bin/sh;
			shellScript = "\"${SRCROOT}/Pods/Target Support Files/Pods-TrelloPlanner/Pods-TrelloPlanner-frameworks.sh\"\n";
			showEnvVarsInLog = 0;
		};
		92147D86BAC13EB255C3B031 /* [CP] Check Pods Manifest.lock */ = {
			isa = PBXShellScriptBuildPhase;
			buildActionMask = 2147483647;
			files = (
			);
			inputPaths = (
				"${PODS_PODFILE_DIR_PATH}/Podfile.lock",
				"${PODS_ROOT}/Manifest.lock",
			);
			name = "[CP] Check Pods Manifest.lock";
			outputPaths = (
				"$(DERIVED_FILE_DIR)/Pods-TrelloPlanner-checkManifestLockResult.txt",
			);
			runOnlyForDeploymentPostprocessing = 0;
			shellPath = /bin/sh;
			shellScript = "diff \"${PODS_PODFILE_DIR_PATH}/Podfile.lock\" \"${PODS_ROOT}/Manifest.lock\" > /dev/null\nif [ $? != 0 ] ; then\n    # print error to STDERR\n    echo \"error: The sandbox is not in sync with the Podfile.lock. Run 'pod install' or update your CocoaPods installation.\" >&2\n    exit 1\nfi\n# This output is used by Xcode 'outputs' to avoid re-running this script phase.\necho \"SUCCESS\" > \"${SCRIPT_OUTPUT_FILE_0}\"\n";
			showEnvVarsInLog = 0;
		};
/* End PBXShellScriptBuildPhase section */

/* Begin PBXSourcesBuildPhase section */
		9AB78772218219090014CA0A /* Sources */ = {
			isa = PBXSourcesBuildPhase;
			buildActionMask = 2147483647;
			files = (
				9A471124218246450011F446 /* DialogServiceProtocol.swift in Sources */,
				9AB1169A21824344009DD2A8 /* Injector.swift in Sources */,
				9A47112C21824B300011F446 /* StringExtensions.swift in Sources */,
				9AB7879421821AC10014CA0A /* ApiServiceProtocol.swift in Sources */,
				9AB7877C218219090014CA0A /* ViewController.swift in Sources */,
				9AB7879621821AFE0014CA0A /* ApiService.swift in Sources */,
				9A4711272182481E0011F446 /* ControllerHelper.swift in Sources */,
				9AB7877A218219090014CA0A /* AppDelegate.swift in Sources */,
				9A4711292182494B0011F446 /* Translations.swift in Sources */,
				9A4711212182460D0011F446 /* DialogService.swift in Sources */,
			);
			runOnlyForDeploymentPostprocessing = 0;
		};
/* End PBXSourcesBuildPhase section */

/* Begin PBXVariantGroup section */
		9AB7877D218219090014CA0A /* Main.storyboard */ = {
			isa = PBXVariantGroup;
			children = (
				9AB7877E218219090014CA0A /* Base */,
			);
			name = Main.storyboard;
			sourceTree = "<group>";
		};
		9AB787822182190B0014CA0A /* LaunchScreen.storyboard */ = {
			isa = PBXVariantGroup;
			children = (
				9AB787832182190B0014CA0A /* Base */,
			);
			name = LaunchScreen.storyboard;
			sourceTree = "<group>";
		};
/* End PBXVariantGroup section */

/* Begin XCBuildConfiguration section */
		9AB787862182190B0014CA0A /* Debug */ = {
			isa = XCBuildConfiguration;
			buildSettings = {
				ALWAYS_SEARCH_USER_PATHS = NO;
				CLANG_ANALYZER_NONNULL = YES;
				CLANG_ANALYZER_NUMBER_OBJECT_CONVERSION = YES_AGGRESSIVE;
				CLANG_CXX_LANGUAGE_STANDARD = "gnu++14";
				CLANG_CXX_LIBRARY = "libc++";
				CLANG_ENABLE_MODULES = YES;
				CLANG_ENABLE_OBJC_ARC = YES;
				CLANG_ENABLE_OBJC_WEAK = YES;
				CLANG_WARN_BLOCK_CAPTURE_AUTORELEASING = YES;
				CLANG_WARN_BOOL_CONVERSION = YES;
				CLANG_WARN_COMMA = YES;
				CLANG_WARN_CONSTANT_CONVERSION = YES;
				CLANG_WARN_DEPRECATED_OBJC_IMPLEMENTATIONS = YES;
				CLANG_WARN_DIRECT_OBJC_ISA_USAGE = YES_ERROR;
				CLANG_WARN_DOCUMENTATION_COMMENTS = YES;
				CLANG_WARN_EMPTY_BODY = YES;
				CLANG_WARN_ENUM_CONVERSION = YES;
				CLANG_WARN_INFINITE_RECURSION = YES;
				CLANG_WARN_INT_CONVERSION = YES;
				CLANG_WARN_NON_LITERAL_NULL_CONVERSION = YES;
				CLANG_WARN_OBJC_IMPLICIT_RETAIN_SELF = YES;
				CLANG_WARN_OBJC_LITERAL_CONVERSION = YES;
				CLANG_WARN_OBJC_ROOT_CLASS = YES_ERROR;
				CLANG_WARN_RANGE_LOOP_ANALYSIS = YES;
				CLANG_WARN_STRICT_PROTOTYPES = YES;
				CLANG_WARN_SUSPICIOUS_MOVE = YES;
				CLANG_WARN_UNGUARDED_AVAILABILITY = YES_AGGRESSIVE;
				CLANG_WARN_UNREACHABLE_CODE = YES;
				CLANG_WARN__DUPLICATE_METHOD_MATCH = YES;
				CODE_SIGN_IDENTITY = "iPhone Developer";
				COPY_PHASE_STRIP = NO;
				DEBUG_INFORMATION_FORMAT = dwarf;
				ENABLE_STRICT_OBJC_MSGSEND = YES;
				ENABLE_TESTABILITY = YES;
				GCC_C_LANGUAGE_STANDARD = gnu11;
				GCC_DYNAMIC_NO_PIC = NO;
				GCC_NO_COMMON_BLOCKS = YES;
				GCC_OPTIMIZATION_LEVEL = 0;
				GCC_PREPROCESSOR_DEFINITIONS = (
					"DEBUG=1",
					"$(inherited)",
				);
				GCC_WARN_64_TO_32_BIT_CONVERSION = YES;
				GCC_WARN_ABOUT_RETURN_TYPE = YES_ERROR;
				GCC_WARN_UNDECLARED_SELECTOR = YES;
				GCC_WARN_UNINITIALIZED_AUTOS = YES_AGGRESSIVE;
				GCC_WARN_UNUSED_FUNCTION = YES;
				GCC_WARN_UNUSED_VARIABLE = YES;
				IPHONEOS_DEPLOYMENT_TARGET = 11.4;
				MTL_ENABLE_DEBUG_INFO = YES;
				ONLY_ACTIVE_ARCH = YES;
				SDKROOT = iphoneos;
				SWIFT_ACTIVE_COMPILATION_CONDITIONS = DEBUG;
				SWIFT_OPTIMIZATION_LEVEL = "-Onone";
			};
			name = Debug;
		};
		9AB787872182190B0014CA0A /* Release */ = {
			isa = XCBuildConfiguration;
			buildSettings = {
				ALWAYS_SEARCH_USER_PATHS = NO;
				CLANG_ANALYZER_NONNULL = YES;
				CLANG_ANALYZER_NUMBER_OBJECT_CONVERSION = YES_AGGRESSIVE;
				CLANG_CXX_LANGUAGE_STANDARD = "gnu++14";
				CLANG_CXX_LIBRARY = "libc++";
				CLANG_ENABLE_MODULES = YES;
				CLANG_ENABLE_OBJC_ARC = YES;
				CLANG_ENABLE_OBJC_WEAK = YES;
				CLANG_WARN_BLOCK_CAPTURE_AUTORELEASING = YES;
				CLANG_WARN_BOOL_CONVERSION = YES;
				CLANG_WARN_COMMA = YES;
				CLANG_WARN_CONSTANT_CONVERSION = YES;
				CLANG_WARN_DEPRECATED_OBJC_IMPLEMENTATIONS = YES;
				CLANG_WARN_DIRECT_OBJC_ISA_USAGE = YES_ERROR;
				CLANG_WARN_DOCUMENTATION_COMMENTS = YES;
				CLANG_WARN_EMPTY_BODY = YES;
				CLANG_WARN_ENUM_CONVERSION = YES;
				CLANG_WARN_INFINITE_RECURSION = YES;
				CLANG_WARN_INT_CONVERSION = YES;
				CLANG_WARN_NON_LITERAL_NULL_CONVERSION = YES;
				CLANG_WARN_OBJC_IMPLICIT_RETAIN_SELF = YES;
				CLANG_WARN_OBJC_LITERAL_CONVERSION = YES;
				CLANG_WARN_OBJC_ROOT_CLASS = YES_ERROR;
				CLANG_WARN_RANGE_LOOP_ANALYSIS = YES;
				CLANG_WARN_STRICT_PROTOTYPES = YES;
				CLANG_WARN_SUSPICIOUS_MOVE = YES;
				CLANG_WARN_UNGUARDED_AVAILABILITY = YES_AGGRESSIVE;
				CLANG_WARN_UNREACHABLE_CODE = YES;
				CLANG_WARN__DUPLICATE_METHOD_MATCH = YES;
				CODE_SIGN_IDENTITY = "iPhone Developer";
				COPY_PHASE_STRIP = NO;
				DEBUG_INFORMATION_FORMAT = "dwarf-with-dsym";
				ENABLE_NS_ASSERTIONS = NO;
				ENABLE_STRICT_OBJC_MSGSEND = YES;
				GCC_C_LANGUAGE_STANDARD = gnu11;
				GCC_NO_COMMON_BLOCKS = YES;
				GCC_WARN_64_TO_32_BIT_CONVERSION = YES;
				GCC_WARN_ABOUT_RETURN_TYPE = YES_ERROR;
				GCC_WARN_UNDECLARED_SELECTOR = YES;
				GCC_WARN_UNINITIALIZED_AUTOS = YES_AGGRESSIVE;
				GCC_WARN_UNUSED_FUNCTION = YES;
				GCC_WARN_UNUSED_VARIABLE = YES;
				IPHONEOS_DEPLOYMENT_TARGET = 11.4;
				MTL_ENABLE_DEBUG_INFO = NO;
				SDKROOT = iphoneos;
				SWIFT_COMPILATION_MODE = wholemodule;
				SWIFT_OPTIMIZATION_LEVEL = "-O";
				VALIDATE_PRODUCT = YES;
			};
			name = Release;
		};
		9AB787892182190B0014CA0A /* Debug */ = {
			isa = XCBuildConfiguration;
			baseConfigurationReference = B59BF2ABBDD81A4F8752079F /* Pods-TrelloPlanner.debug.xcconfig */;
			buildSettings = {
				ASSETCATALOG_COMPILER_APPICON_NAME = AppIcon;
				CODE_SIGN_STYLE = Automatic;
				DEVELOPMENT_TEAM = YZBZK7PS8D;
				INFOPLIST_FILE = TrelloPlanner/Info.plist;
				LD_RUNPATH_SEARCH_PATHS = (
					"$(inherited)",
					"@executable_path/Frameworks",
				);
				PRODUCT_BUNDLE_IDENTIFIER = rkuraj.TrelloPlanner;
				PRODUCT_NAME = "$(TARGET_NAME)";
				SWIFT_VERSION = 4.0;
				TARGETED_DEVICE_FAMILY = "1,2";
			};
			name = Debug;
		};
		9AB7878A2182190B0014CA0A /* Release */ = {
			isa = XCBuildConfiguration;
			baseConfigurationReference = EB0B72D53A63D9FF8B6187EE /* Pods-TrelloPlanner.release.xcconfig */;
			buildSettings = {
				ASSETCATALOG_COMPILER_APPICON_NAME = AppIcon;
				CODE_SIGN_STYLE = Automatic;
				DEVELOPMENT_TEAM = YZBZK7PS8D;
				INFOPLIST_FILE = TrelloPlanner/Info.plist;
				LD_RUNPATH_SEARCH_PATHS = (
					"$(inherited)",
					"@executable_path/Frameworks",
				);
				PRODUCT_BUNDLE_IDENTIFIER = rkuraj.TrelloPlanner;
				PRODUCT_NAME = "$(TARGET_NAME)";
				SWIFT_VERSION = 4.0;
				TARGETED_DEVICE_FAMILY = "1,2";
			};
			name = Release;
		};
/* End XCBuildConfiguration section */

/* Begin XCConfigurationList section */
		9AB78771218219090014CA0A /* Build configuration list for PBXProject "TrelloPlanner" */ = {
			isa = XCConfigurationList;
			buildConfigurations = (
				9AB787862182190B0014CA0A /* Debug */,
				9AB787872182190B0014CA0A /* Release */,
			);
			defaultConfigurationIsVisible = 0;
			defaultConfigurationName = Release;
		};
		9AB787882182190B0014CA0A /* Build configuration list for PBXNativeTarget "TrelloPlanner" */ = {
			isa = XCConfigurationList;
			buildConfigurations = (
				9AB787892182190B0014CA0A /* Debug */,
				9AB7878A2182190B0014CA0A /* Release */,
			);
			defaultConfigurationIsVisible = 0;
			defaultConfigurationName = Release;
		};
/* End XCConfigurationList section */
	};
	rootObject = 9AB7876E218219090014CA0A /* Project object */;
}
